// !$*UTF8*$!
{
	archiveVersion = 1;
	classes = {
	};
	objectVersion = 50;
	objects = {

/* Begin PBXBuildFile section */
		15E23A46E90E2989001DCB96 /* Pods_GTNetMonDemo.framework in Frameworks */ = {isa = PBXBuildFile; fileRef = EF11A0B7C240F6638A5BC2D7 /* Pods_GTNetMonDemo.framework */; };
		C00868E52258914100F30D9E /* AppDelegate.swift in Sources */ = {isa = PBXBuildFile; fileRef = C00868E42258914100F30D9E /* AppDelegate.swift */; };
		C00868E72258914100F30D9E /* ViewController.swift in Sources */ = {isa = PBXBuildFile; fileRef = C00868E62258914100F30D9E /* ViewController.swift */; };
		C00868EA2258914100F30D9E /* Main.storyboard in Resources */ = {isa = PBXBuildFile; fileRef = C00868E82258914100F30D9E /* Main.storyboard */; };
		C00868EC2258914300F30D9E /* Assets.xcassets in Resources */ = {isa = PBXBuildFile; fileRef = C00868EB2258914300F30D9E /* Assets.xcassets */; };
		C00868EF2258914300F30D9E /* LaunchScreen.storyboard in Resources */ = {isa = PBXBuildFile; fileRef = C00868ED2258914300F30D9E /* LaunchScreen.storyboard */; };
/* End PBXBuildFile section */

/* Begin PBXCopyFilesBuildPhase section */
		C0086903225892E600F30D9E /* Embed Frameworks */ = {
			isa = PBXCopyFilesBuildPhase;
			buildActionMask = 2147483647;
			dstPath = "";
			dstSubfolderSpec = 10;
			files = (
			);
			name = "Embed Frameworks";
			runOnlyForDeploymentPostprocessing = 0;
		};
/* End PBXCopyFilesBuildPhase section */

/* Begin PBXFileReference section */
		AEC55A44892025B2DFBC4BF2 /* Pods-GTNetMonDemo.release.xcconfig */ = {isa = PBXFileReference; includeInIndex = 1; lastKnownFileType = text.xcconfig; name = "Pods-GTNetMonDemo.release.xcconfig"; path = "Target Support Files/Pods-GTNetMonDemo/Pods-GTNetMonDemo.release.xcconfig"; sourceTree = "<group>"; };
		BFEB97401FAE8E871606F979 /* Pods-GTNetMonDemo.debug.xcconfig */ = {isa = PBXFileReference; includeInIndex = 1; lastKnownFileType = text.xcconfig; name = "Pods-GTNetMonDemo.debug.xcconfig"; path = "Target Support Files/Pods-GTNetMonDemo/Pods-GTNetMonDemo.debug.xcconfig"; sourceTree = "<group>"; };
		C00868E12258914100F30D9E /* GTNetMonDemo.app */ = {isa = PBXFileReference; explicitFileType = wrapper.application; includeInIndex = 0; path = GTNetMonDemo.app; sourceTree = BUILT_PRODUCTS_DIR; };
		C00868E42258914100F30D9E /* AppDelegate.swift */ = {isa = PBXFileReference; lastKnownFileType = sourcecode.swift; path = AppDelegate.swift; sourceTree = "<group>"; };
		C00868E62258914100F30D9E /* ViewController.swift */ = {isa = PBXFileReference; lastKnownFileType = sourcecode.swift; path = ViewController.swift; sourceTree = "<group>"; };
		C00868E92258914100F30D9E /* Base */ = {isa = PBXFileReference; lastKnownFileType = file.storyboard; name = Base; path = Base.lproj/Main.storyboard; sourceTree = "<group>"; };
		C00868EB2258914300F30D9E /* Assets.xcassets */ = {isa = PBXFileReference; lastKnownFileType = folder.assetcatalog; path = Assets.xcassets; sourceTree = "<group>"; };
		C00868EE2258914300F30D9E /* Base */ = {isa = PBXFileReference; lastKnownFileType = file.storyboard; name = Base; path = Base.lproj/LaunchScreen.storyboard; sourceTree = "<group>"; };
		C00868F02258914300F30D9E /* Info.plist */ = {isa = PBXFileReference; lastKnownFileType = text.plist.xml; path = Info.plist; sourceTree = "<group>"; };
		EF11A0B7C240F6638A5BC2D7 /* Pods_GTNetMonDemo.framework */ = {isa = PBXFileReference; explicitFileType = wrapper.framework; includeInIndex = 0; path = Pods_GTNetMonDemo.framework; sourceTree = BUILT_PRODUCTS_DIR; };
/* End PBXFileReference section */

/* Begin PBXFrameworksBuildPhase section */
		C00868DE2258914100F30D9E /* Frameworks */ = {
			isa = PBXFrameworksBuildPhase;
			buildActionMask = 2147483647;
			files = (
				15E23A46E90E2989001DCB96 /* Pods_GTNetMonDemo.framework in Frameworks */,
			);
			runOnlyForDeploymentPostprocessing = 0;
		};
/* End PBXFrameworksBuildPhase section */

/* Begin PBXGroup section */
		485856B14A65A6AC5667A4F4 /* Pods */ = {
			isa = PBXGroup;
			children = (
				BFEB97401FAE8E871606F979 /* Pods-GTNetMonDemo.debug.xcconfig */,
				AEC55A44892025B2DFBC4BF2 /* Pods-GTNetMonDemo.release.xcconfig */,
			);
			path = Pods;
			sourceTree = "<group>";
		};
		C00868D82258914100F30D9E = {
			isa = PBXGroup;
			children = (
				C00868E32258914100F30D9E /* GTNetMonDemo */,
				C00868E22258914100F30D9E /* Products */,
				485856B14A65A6AC5667A4F4 /* Pods */,
				E0CF9454DE3EC8B9925D6C55 /* Frameworks */,
			);
			sourceTree = "<group>";
		};
		C00868E22258914100F30D9E /* Products */ = {
			isa = PBXGroup;
			children = (
				C00868E12258914100F30D9E /* GTNetMonDemo.app */,
			);
			name = Products;
			sourceTree = "<group>";
		};
		C00868E32258914100F30D9E /* GTNetMonDemo */ = {
			isa = PBXGroup;
			children = (
				C00868E42258914100F30D9E /* AppDelegate.swift */,
				C00868E62258914100F30D9E /* ViewController.swift */,
				C00868E82258914100F30D9E /* Main.storyboard */,
				C00868EB2258914300F30D9E /* Assets.xcassets */,
				C00868ED2258914300F30D9E /* LaunchScreen.storyboard */,
				C00868F02258914300F30D9E /* Info.plist */,
			);
			path = GTNetMonDemo;
			sourceTree = "<group>";
		};
		E0CF9454DE3EC8B9925D6C55 /* Frameworks */ = {
			isa = PBXGroup;
			children = (
				EF11A0B7C240F6638A5BC2D7 /* Pods_GTNetMonDemo.framework */,
			);
			name = Frameworks;
			sourceTree = "<group>";
		};
/* End PBXGroup section */

/* Begin PBXNativeTarget section */
		C00868E02258914100F30D9E /* GTNetMonDemo */ = {
			isa = PBXNativeTarget;
			buildConfigurationList = C00868F32258914300F30D9E /* Build configuration list for PBXNativeTarget "GTNetMonDemo" */;
			buildPhases = (
				8713500742F26AE93BE9E998 /* [CP] Check Pods Manifest.lock */,
				C00868DD2258914100F30D9E /* Sources */,
				C00868DE2258914100F30D9E /* Frameworks */,
				C00868DF2258914100F30D9E /* Resources */,
				C0086903225892E600F30D9E /* Embed Frameworks */,
				CEC2DAE6176CECD7E0D91816 /* [CP] Embed Pods Frameworks */,
			);
			buildRules = (
			);
			dependencies = (
			);
			name = GTNetMonDemo;
			productName = GTNetMonDemo;
			productReference = C00868E12258914100F30D9E /* GTNetMonDemo.app */;
			productType = "com.apple.product-type.application";
		};
/* End PBXNativeTarget section */

/* Begin PBXProject section */
		C00868D92258914100F30D9E /* Project object */ = {
			isa = PBXProject;
			attributes = {
				LastSwiftUpdateCheck = 1010;
				LastUpgradeCheck = 1010;
				ORGANIZATIONNAME = "Gabriel Theodoropoulos";
				TargetAttributes = {
					C00868E02258914100F30D9E = {
						CreatedOnToolsVersion = 10.1;
					};
				};
			};
			buildConfigurationList = C00868DC2258914100F30D9E /* Build configuration list for PBXProject "GTNetMonDemo" */;
			compatibilityVersion = "Xcode 9.3";
			developmentRegion = en;
			hasScannedForEncodings = 0;
			knownRegions = (
				en,
				Base,
			);
			mainGroup = C00868D82258914100F30D9E;
			productRefGroup = C00868E22258914100F30D9E /* Products */;
			projectDirPath = "";
			projectRoot = "";
			targets = (
				C00868E02258914100F30D9E /* GTNetMonDemo */,
			);
		};
/* End PBXProject section */

/* Begin PBXResourcesBuildPhase section */
		C00868DF2258914100F30D9E /* Resources */ = {
			isa = PBXResourcesBuildPhase;
			buildActionMask = 2147483647;
			files = (
				C00868EF2258914300F30D9E /* LaunchScreen.storyboard in Resources */,
				C00868EC2258914300F30D9E /* Assets.xcassets in Resources */,
				C00868EA2258914100F30D9E /* Main.storyboard in Resources */,
			);
			runOnlyForDeploymentPostprocessing = 0;
		};
/* End PBXResourcesBuildPhase section */

/* Begin PBXShellScriptBuildPhase section */
		8713500742F26AE93BE9E998 /* [CP] Check Pods Manifest.lock */ = {
			isa = PBXShellScriptBuildPhase;
			buildActionMask = 2147483647;
			files = (
			);
			inputFileListPaths = (
			);
			inputPaths = (
				"${PODS_PODFILE_DIR_PATH}/Podfile.lock",
				"${PODS_ROOT}/Manifest.lock",
			);
			name = "[CP] Check Pods Manifest.lock";
			outputFileListPaths = (
			);
			outputPaths = (
				"$(DERIVED_FILE_DIR)/Pods-GTNetMonDemo-checkManifestLockResult.txt",
			);
			runOnlyForDeploymentPostprocessing = 0;
			shellPath = /bin/sh;
			shellScript = "diff \"${PODS_PODFILE_DIR_PATH}/Podfile.lock\" \"${PODS_ROOT}/Manifest.lock\" > /dev/null\nif [ $? != 0 ] ; then\n    # print error to STDERR\n    echo \"error: The sandbox is not in sync with the Podfile.lock. Run 'pod install' or update your CocoaPods installation.\" >&2\n    exit 1\nfi\n# This output is used by Xcode 'outputs' to avoid re-running this script phase.\necho \"SUCCESS\" > \"${SCRIPT_OUTPUT_FILE_0}\"\n";
			showEnvVarsInLog = 0;
		};
		CEC2DAE6176CECD7E0D91816 /* [CP] Embed Pods Frameworks */ = {
			isa = PBXShellScriptBuildPhase;
			buildActionMask = 2147483647;
			files = (
			);
			inputFileListPaths = (
			);
			inputPaths = (
				"${PODS_ROOT}/Target Support Files/Pods-GTNetMonDemo/Pods-GTNetMonDemo-frameworks.sh",
				"${BUILT_PRODUCTS_DIR}/GTNetMon/GTNetMon.framework",
			);
			name = "[CP] Embed Pods Frameworks";
			outputFileListPaths = (
			);
			outputPaths = (
				"${TARGET_BUILD_DIR}/${FRAMEWORKS_FOLDER_PATH}/GTNetMon.framework",
			);
			runOnlyForDeploymentPostprocessing = 0;
			shellPath = /bin/sh;
			shellScript = "\"${PODS_ROOT}/Target Support Files/Pods-GTNetMonDemo/Pods-GTNetMonDemo-frameworks.sh\"\n";
			showEnvVarsInLog = 0;
		};
/* End PBXShellScriptBuildPhase section */

/* Begin PBXSourcesBuildPhase section */
		C00868DD2258914100F30D9E /* Sources */ = {
			isa = PBXSourcesBuildPhase;
			buildActionMask = 2147483647;
			files = (
				C00868E72258914100F30D9E /* ViewController.swift in Sources */,
				C00868E52258914100F30D9E /* AppDelegate.swift in Sources */,
			);
			runOnlyForDeploymentPostprocessing = 0;
		};
/* End PBXSourcesBuildPhase section */

/* Begin PBXVariantGroup section */
		C00868E82258914100F30D9E /* Main.storyboard */ = {
			isa = PBXVariantGroup;
			children = (
				C00868E92258914100F30D9E /* Base */,
			);
			name = Main.storyboard;
			sourceTree = "<group>";
		};
		C00868ED2258914300F30D9E /* LaunchScreen.storyboard */ = {
			isa = PBXVariantGroup;
			children = (
				C00868EE2258914300F30D9E /* Base */,
			);
			name = LaunchScreen.storyboard;
			sourceTree = "<group>";
		};
/* End PBXVariantGroup section */

/* Begin XCBuildConfiguration section */
		C00868F12258914300F30D9E /* Debug */ = {
			isa = XCBuildConfiguration;
			buildSettings = {
				ALWAYS_SEARCH_USER_PATHS = NO;
				CLANG_ANALYZER_NONNULL = YES;
				CLANG_ANALYZER_NUMBER_OBJECT_CONVERSION = YES_AGGRESSIVE;
				CLANG_CXX_LANGUAGE_STANDARD = "gnu++14";
				CLANG_CXX_LIBRARY = "libc++";
				CLANG_ENABLE_MODULES = YES;
				CLANG_ENABLE_OBJC_ARC = YES;
				CLANG_ENABLE_OBJC_WEAK = YES;
				CLANG_WARN_BLOCK_CAPTURE_AUTORELEASING = YES;
				CLANG_WARN_BOOL_CONVERSION = YES;
				CLANG_WARN_COMMA = YES;
				CLANG_WARN_CONSTANT_CONVERSION = YES;
				CLANG_WARN_DEPRECATED_OBJC_IMPLEMENTATIONS = YES;
				CLANG_WARN_DIRECT_OBJC_ISA_USAGE = YES_ERROR;
				CLANG_WARN_DOCUMENTATION_COMMENTS = YES;
				CLANG_WARN_EMPTY_BODY = YES;
				CLANG_WARN_ENUM_CONVERSION = YES;
				CLANG_WARN_INFINITE_RECURSION = YES;
				CLANG_WARN_INT_CONVERSION = YES;
				CLANG_WARN_NON_LITERAL_NULL_CONVERSION = YES;
				CLANG_WARN_OBJC_IMPLICIT_RETAIN_SELF = YES;
				CLANG_WARN_OBJC_LITERAL_CONVERSION = YES;
				CLANG_WARN_OBJC_ROOT_CLASS = YES_ERROR;
				CLANG_WARN_RANGE_LOOP_ANALYSIS = YES;
				CLANG_WARN_STRICT_PROTOTYPES = YES;
				CLANG_WARN_SUSPICIOUS_MOVE = YES;
				CLANG_WARN_UNGUARDED_AVAILABILITY = YES_AGGRESSIVE;
				CLANG_WARN_UNREACHABLE_CODE = YES;
				CLANG_WARN__DUPLICATE_METHOD_MATCH = YES;
				CODE_SIGN_IDENTITY = "iPhone Developer";
				COPY_PHASE_STRIP = NO;
				DEBUG_INFORMATION_FORMAT = dwarf;
				ENABLE_STRICT_OBJC_MSGSEND = YES;
				ENABLE_TESTABILITY = YES;
				GCC_C_LANGUAGE_STANDARD = gnu11;
				GCC_DYNAMIC_NO_PIC = NO;
				GCC_NO_COMMON_BLOCKS = YES;
				GCC_OPTIMIZATION_LEVEL = 0;
				GCC_PREPROCESSOR_DEFINITIONS = (
					"DEBUG=1",
					"$(inherited)",
				);
				GCC_WARN_64_TO_32_BIT_CONVERSION = YES;
				GCC_WARN_ABOUT_RETURN_TYPE = YES_ERROR;
				GCC_WARN_UNDECLARED_SELECTOR = YES;
				GCC_WARN_UNINITIALIZED_AUTOS = YES_AGGRESSIVE;
				GCC_WARN_UNUSED_FUNCTION = YES;
				GCC_WARN_UNUSED_VARIABLE = YES;
				IPHONEOS_DEPLOYMENT_TARGET = 12.1;
				MTL_ENABLE_DEBUG_INFO = INCLUDE_SOURCE;
				MTL_FAST_MATH = YES;
				ONLY_ACTIVE_ARCH = YES;
				SDKROOT = iphoneos;
				SWIFT_ACTIVE_COMPILATION_CONDITIONS = DEBUG;
				SWIFT_OPTIMIZATION_LEVEL = "-Onone";
			};
			name = Debug;
		};
		C00868F22258914300F30D9E /* Release */ = {
			isa = XCBuildConfiguration;
			buildSettings = {
				ALWAYS_SEARCH_USER_PATHS = NO;
				CLANG_ANALYZER_NONNULL = YES;
				CLANG_ANALYZER_NUMBER_OBJECT_CONVERSION = YES_AGGRESSIVE;
				CLANG_CXX_LANGUAGE_STANDARD = "gnu++14";
				CLANG_CXX_LIBRARY = "libc++";
				CLANG_ENABLE_MODULES = YES;
				CLANG_ENABLE_OBJC_ARC = YES;
				CLANG_ENABLE_OBJC_WEAK = YES;
				CLANG_WARN_BLOCK_CAPTURE_AUTORELEASING = YES;
				CLANG_WARN_BOOL_CONVERSION = YES;
				CLANG_WARN_COMMA = YES;
				CLANG_WARN_CONSTANT_CONVERSION = YES;
				CLANG_WARN_DEPRECATED_OBJC_IMPLEMENTATIONS = YES;
				CLANG_WARN_DIRECT_OBJC_ISA_USAGE = YES_ERROR;
				CLANG_WARN_DOCUMENTATION_COMMENTS = YES;
				CLANG_WARN_EMPTY_BODY = YES;
				CLANG_WARN_ENUM_CONVERSION = YES;
				CLANG_WARN_INFINITE_RECURSION = YES;
				CLANG_WARN_INT_CONVERSION = YES;
				CLANG_WARN_NON_LITERAL_NULL_CONVERSION = YES;
				CLANG_WARN_OBJC_IMPLICIT_RETAIN_SELF = YES;
				CLANG_WARN_OBJC_LITERAL_CONVERSION = YES;
				CLANG_WARN_OBJC_ROOT_CLASS = YES_ERROR;
				CLANG_WARN_RANGE_LOOP_ANALYSIS = YES;
				CLANG_WARN_STRICT_PROTOTYPES = YES;
				CLANG_WARN_SUSPICIOUS_MOVE = YES;
				CLANG_WARN_UNGUARDED_AVAILABILITY = YES_AGGRESSIVE;
				CLANG_WARN_UNREACHABLE_CODE = YES;
				CLANG_WARN__DUPLICATE_METHOD_MATCH = YES;
				CODE_SIGN_IDENTITY = "iPhone Developer";
				COPY_PHASE_STRIP = NO;
				DEBUG_INFORMATION_FORMAT = "dwarf-with-dsym";
				ENABLE_NS_ASSERTIONS = NO;
				ENABLE_STRICT_OBJC_MSGSEND = YES;
				GCC_C_LANGUAGE_STANDARD = gnu11;
				GCC_NO_COMMON_BLOCKS = YES;
				GCC_WARN_64_TO_32_BIT_CONVERSION = YES;
				GCC_WARN_ABOUT_RETURN_TYPE = YES_ERROR;
				GCC_WARN_UNDECLARED_SELECTOR = YES;
				GCC_WARN_UNINITIALIZED_AUTOS = YES_AGGRESSIVE;
				GCC_WARN_UNUSED_FUNCTION = YES;
				GCC_WARN_UNUSED_VARIABLE = YES;
				IPHONEOS_DEPLOYMENT_TARGET = 12.1;
				MTL_ENABLE_DEBUG_INFO = NO;
				MTL_FAST_MATH = YES;
				SDKROOT = iphoneos;
				SWIFT_COMPILATION_MODE = wholemodule;
				SWIFT_OPTIMIZATION_LEVEL = "-O";
				VALIDATE_PRODUCT = YES;
			};
			name = Release;
		};
		C00868F42258914300F30D9E /* Debug */ = {
			isa = XCBuildConfiguration;
			baseConfigurationReference = BFEB97401FAE8E871606F979 /* Pods-GTNetMonDemo.debug.xcconfig */;
			buildSettings = {
				ALWAYS_EMBED_SWIFT_STANDARD_LIBRARIES = "$(inherited)";
				ASSETCATALOG_COMPILER_APPICON_NAME = AppIcon;
				CODE_SIGN_STYLE = Automatic;
				DEVELOPMENT_TEAM = 9BTCAVN99V;
				INFOPLIST_FILE = GTNetMonDemo/Info.plist;
				LD_RUNPATH_SEARCH_PATHS = (
					"$(inherited)",
					"@executable_path/Frameworks",
				);
				PRODUCT_BUNDLE_IDENTIFIER = com.gabrieltheodoropoulos.GTNetMonDemo;
				PRODUCT_NAME = "$(TARGET_NAME)";
				SWIFT_VERSION = 4.2;
				TARGETED_DEVICE_FAMILY = "1,2";
			};
			name = Debug;
		};
		C00868F52258914300F30D9E /* Release */ = {
			isa = XCBuildConfiguration;
			baseConfigurationReference = AEC55A44892025B2DFBC4BF2 /* Pods-GTNetMonDemo.release.xcconfig */;
			buildSettings = {
				ALWAYS_EMBED_SWIFT_STANDARD_LIBRARIES = "$(inherited)";
				ASSETCATALOG_COMPILER_APPICON_NAME = AppIcon;
				CODE_SIGN_STYLE = Automatic;
				DEVELOPMENT_TEAM = 9BTCAVN99V;
				INFOPLIST_FILE = GTNetMonDemo/Info.plist;
				LD_RUNPATH_SEARCH_PATHS = (
					"$(inherited)",
					"@executable_path/Frameworks",
				);
				PRODUCT_BUNDLE_IDENTIFIER = com.gabrieltheodoropoulos.GTNetMonDemo;
				PRODUCT_NAME = "$(TARGET_NAME)";
				SWIFT_VERSION = 4.2;
				TARGETED_DEVICE_FAMILY = "1,2";
			};
			name = Release;
		};
/* End XCBuildConfiguration section */

/* Begin XCConfigurationList section */
		C00868DC2258914100F30D9E /* Build configuration list for PBXProject "GTNetMonDemo" */ = {
			isa = XCConfigurationList;
			buildConfigurations = (
				C00868F12258914300F30D9E /* Debug */,
				C00868F22258914300F30D9E /* Release */,
			);
			defaultConfigurationIsVisible = 0;
			defaultConfigurationName = Release;
		};
		C00868F32258914300F30D9E /* Build configuration list for PBXNativeTarget "GTNetMonDemo" */ = {
			isa = XCConfigurationList;
			buildConfigurations = (
				C00868F42258914300F30D9E /* Debug */,
				C00868F52258914300F30D9E /* Release */,
			);
			defaultConfigurationIsVisible = 0;
			defaultConfigurationName = Release;
		};
/* End XCConfigurationList section */
	};
	rootObject = C00868D92258914100F30D9E /* Project object */;
}
